// !$*UTF8*$!
{
	archiveVersion = 1;
	classes = {
	};
	objectVersion = 56;
	objects = {

/* Begin PBXBuildFile section */
		FF3146BD2B7ABF8600CFE978 /* ToDoDemoApp.swift in Sources */ = {isa = PBXBuildFile; fileRef = FF3146BC2B7ABF8600CFE978 /* ToDoDemoApp.swift */; };
		FF3146BF2B7ABF8600CFE978 /* ContentView.swift in Sources */ = {isa = PBXBuildFile; fileRef = FF3146BE2B7ABF8600CFE978 /* ContentView.swift */; };
		FF3146C12B7ABF8700CFE978 /* Assets.xcassets in Resources */ = {isa = PBXBuildFile; fileRef = FF3146C02B7ABF8700CFE978 /* Assets.xcassets */; };
		FF3146C42B7ABF8700CFE978 /* Preview Assets.xcassets in Resources */ = {isa = PBXBuildFile; fileRef = FF3146C32B7ABF8700CFE978 /* Preview Assets.xcassets */; };
		FF3146CE2B7ABF8700CFE978 /* ToDoDemoTests.swift in Sources */ = {isa = PBXBuildFile; fileRef = FF3146CD2B7ABF8700CFE978 /* ToDoDemoTests.swift */; };
		FF3146D82B7ABF8700CFE978 /* ToDoDemoUITests.swift in Sources */ = {isa = PBXBuildFile; fileRef = FF3146D72B7ABF8700CFE978 /* ToDoDemoUITests.swift */; };
		FF3146DA2B7ABF8700CFE978 /* ToDoDemoUITestsLaunchTests.swift in Sources */ = {isa = PBXBuildFile; fileRef = FF3146D92B7ABF8700CFE978 /* ToDoDemoUITestsLaunchTests.swift */; };
		FF3146E72B7AC51C00CFE978 /* TasksView.swift in Sources */ = {isa = PBXBuildFile; fileRef = FF3146E62B7AC51C00CFE978 /* TasksView.swift */; };
		FF3146EB2B7AC8F300CFE978 /* TaskRow.swift in Sources */ = {isa = PBXBuildFile; fileRef = FF3146EA2B7AC8F300CFE978 /* TaskRow.swift */; };
		FF3146ED2B7C212C00CFE978 /* AddTaskView.swift in Sources */ = {isa = PBXBuildFile; fileRef = FF3146EC2B7C212C00CFE978 /* AddTaskView.swift */; };
		FF3146EF2B7C254B00CFE978 /* SmallAddButton.swift in Sources */ = {isa = PBXBuildFile; fileRef = FF3146EE2B7C254B00CFE978 /* SmallAddButton.swift */; };
		FF3146F42B7C347A00CFE978 /* RealmManager.swift in Sources */ = {isa = PBXBuildFile; fileRef = FF3146F32B7C347A00CFE978 /* RealmManager.swift */; };
		FF3146FA2B7D87ED00CFE978 /* Realm in Frameworks */ = {isa = PBXBuildFile; productRef = FF3146F92B7D87ED00CFE978 /* Realm */; };
		FF3146FC2B7D87ED00CFE978 /* RealmSwift in Frameworks */ = {isa = PBXBuildFile; productRef = FF3146FB2B7D87ED00CFE978 /* RealmSwift */; };
		FF3146FE2B7D8AEC00CFE978 /* Task.swift in Sources */ = {isa = PBXBuildFile; fileRef = FF3146FD2B7D8AEC00CFE978 /* Task.swift */; };
/* End PBXBuildFile section */

/* Begin PBXContainerItemProxy section */
		FF3146CA2B7ABF8700CFE978 /* PBXContainerItemProxy */ = {
			isa = PBXContainerItemProxy;
			containerPortal = FF3146B12B7ABF8600CFE978 /* Project object */;
			proxyType = 1;
			remoteGlobalIDString = FF3146B82B7ABF8600CFE978;
			remoteInfo = ToDoDemo;
		};
		FF3146D42B7ABF8700CFE978 /* PBXContainerItemProxy */ = {
			isa = PBXContainerItemProxy;
			containerPortal = FF3146B12B7ABF8600CFE978 /* Project object */;
			proxyType = 1;
			remoteGlobalIDString = FF3146B82B7ABF8600CFE978;
			remoteInfo = ToDoDemo;
		};
/* End PBXContainerItemProxy section */

/* Begin PBXFileReference section */
		FF3146B92B7ABF8600CFE978 /* ToDoDemo.app */ = {isa = PBXFileReference; explicitFileType = wrapper.application; includeInIndex = 0; path = ToDoDemo.app; sourceTree = BUILT_PRODUCTS_DIR; };
		FF3146BC2B7ABF8600CFE978 /* ToDoDemoApp.swift */ = {isa = PBXFileReference; lastKnownFileType = sourcecode.swift; path = ToDoDemoApp.swift; sourceTree = "<group>"; };
		FF3146BE2B7ABF8600CFE978 /* ContentView.swift */ = {isa = PBXFileReference; lastKnownFileType = sourcecode.swift; path = ContentView.swift; sourceTree = "<group>"; };
		FF3146C02B7ABF8700CFE978 /* Assets.xcassets */ = {isa = PBXFileReference; lastKnownFileType = folder.assetcatalog; path = Assets.xcassets; sourceTree = "<group>"; };
		FF3146C32B7ABF8700CFE978 /* Preview Assets.xcassets */ = {isa = PBXFileReference; lastKnownFileType = folder.assetcatalog; path = "Preview Assets.xcassets"; sourceTree = "<group>"; };
		FF3146C92B7ABF8700CFE978 /* ToDoDemoTests.xctest */ = {isa = PBXFileReference; explicitFileType = wrapper.cfbundle; includeInIndex = 0; path = ToDoDemoTests.xctest; sourceTree = BUILT_PRODUCTS_DIR; };
		FF3146CD2B7ABF8700CFE978 /* ToDoDemoTests.swift */ = {isa = PBXFileReference; lastKnownFileType = sourcecode.swift; path = ToDoDemoTests.swift; sourceTree = "<group>"; };
		FF3146D32B7ABF8700CFE978 /* ToDoDemoUITests.xctest */ = {isa = PBXFileReference; explicitFileType = wrapper.cfbundle; includeInIndex = 0; path = ToDoDemoUITests.xctest; sourceTree = BUILT_PRODUCTS_DIR; };
		FF3146D72B7ABF8700CFE978 /* ToDoDemoUITests.swift */ = {isa = PBXFileReference; lastKnownFileType = sourcecode.swift; path = ToDoDemoUITests.swift; sourceTree = "<group>"; };
		FF3146D92B7ABF8700CFE978 /* ToDoDemoUITestsLaunchTests.swift */ = {isa = PBXFileReference; lastKnownFileType = sourcecode.swift; path = ToDoDemoUITestsLaunchTests.swift; sourceTree = "<group>"; };
		FF3146E62B7AC51C00CFE978 /* TasksView.swift */ = {isa = PBXFileReference; lastKnownFileType = sourcecode.swift; path = TasksView.swift; sourceTree = "<group>"; };
		FF3146EA2B7AC8F300CFE978 /* TaskRow.swift */ = {isa = PBXFileReference; lastKnownFileType = sourcecode.swift; path = TaskRow.swift; sourceTree = "<group>"; };
		FF3146EC2B7C212C00CFE978 /* AddTaskView.swift */ = {isa = PBXFileReference; lastKnownFileType = sourcecode.swift; path = AddTaskView.swift; sourceTree = "<group>"; };
		FF3146EE2B7C254B00CFE978 /* SmallAddButton.swift */ = {isa = PBXFileReference; lastKnownFileType = sourcecode.swift; path = SmallAddButton.swift; sourceTree = "<group>"; };
		FF3146F32B7C347A00CFE978 /* RealmManager.swift */ = {isa = PBXFileReference; lastKnownFileType = sourcecode.swift; path = RealmManager.swift; sourceTree = "<group>"; };
		FF3146FD2B7D8AEC00CFE978 /* Task.swift */ = {isa = PBXFileReference; lastKnownFileType = sourcecode.swift; path = Task.swift; sourceTree = "<group>"; };
/* End PBXFileReference section */

/* Begin PBXFrameworksBuildPhase section */
		FF3146B62B7ABF8600CFE978 /* Frameworks */ = {
			isa = PBXFrameworksBuildPhase;
			buildActionMask = 2147483647;
			files = (
				FF3146FC2B7D87ED00CFE978 /* RealmSwift in Frameworks */,
				FF3146FA2B7D87ED00CFE978 /* Realm in Frameworks */,
			);
			runOnlyForDeploymentPostprocessing = 0;
		};
		FF3146C62B7ABF8700CFE978 /* Frameworks */ = {
			isa = PBXFrameworksBuildPhase;
			buildActionMask = 2147483647;
			files = (
			);
			runOnlyForDeploymentPostprocessing = 0;
		};
		FF3146D02B7ABF8700CFE978 /* Frameworks */ = {
			isa = PBXFrameworksBuildPhase;
			buildActionMask = 2147483647;
			files = (
			);
			runOnlyForDeploymentPostprocessing = 0;
		};
/* End PBXFrameworksBuildPhase section */

/* Begin PBXGroup section */
		FF3146B02B7ABF8600CFE978 = {
			isa = PBXGroup;
			children = (
				FF3146BB2B7ABF8600CFE978 /* ToDoDemo */,
				FF3146CC2B7ABF8700CFE978 /* ToDoDemoTests */,
				FF3146D62B7ABF8700CFE978 /* ToDoDemoUITests */,
				FF3146BA2B7ABF8600CFE978 /* Products */,
			);
			sourceTree = "<group>";
		};
		FF3146BA2B7ABF8600CFE978 /* Products */ = {
			isa = PBXGroup;
			children = (
				FF3146B92B7ABF8600CFE978 /* ToDoDemo.app */,
				FF3146C92B7ABF8700CFE978 /* ToDoDemoTests.xctest */,
				FF3146D32B7ABF8700CFE978 /* ToDoDemoUITests.xctest */,
			);
			name = Products;
			sourceTree = "<group>";
		};
		FF3146BB2B7ABF8600CFE978 /* ToDoDemo */ = {
			isa = PBXGroup;
			children = (
				FF3146E92B7AC8CC00CFE978 /* Components */,
				FF3146E82B7AC52F00CFE978 /* Views */,
				FF3146BC2B7ABF8600CFE978 /* ToDoDemoApp.swift */,
				FF3146C02B7ABF8700CFE978 /* Assets.xcassets */,
				FF3146F32B7C347A00CFE978 /* RealmManager.swift */,
				FF3146FD2B7D8AEC00CFE978 /* Task.swift */,
				FF3146C22B7ABF8700CFE978 /* Preview Content */,
			);
			path = ToDoDemo;
			sourceTree = "<group>";
		};
		FF3146C22B7ABF8700CFE978 /* Preview Content */ = {
			isa = PBXGroup;
			children = (
				FF3146C32B7ABF8700CFE978 /* Preview Assets.xcassets */,
			);
			path = "Preview Content";
			sourceTree = "<group>";
		};
		FF3146CC2B7ABF8700CFE978 /* ToDoDemoTests */ = {
			isa = PBXGroup;
			children = (
				FF3146CD2B7ABF8700CFE978 /* ToDoDemoTests.swift */,
			);
			path = ToDoDemoTests;
			sourceTree = "<group>";
		};
		FF3146D62B7ABF8700CFE978 /* ToDoDemoUITests */ = {
			isa = PBXGroup;
			children = (
				FF3146D72B7ABF8700CFE978 /* ToDoDemoUITests.swift */,
				FF3146D92B7ABF8700CFE978 /* ToDoDemoUITestsLaunchTests.swift */,
			);
			path = ToDoDemoUITests;
			sourceTree = "<group>";
		};
		FF3146E82B7AC52F00CFE978 /* Views */ = {
			isa = PBXGroup;
			children = (
				FF3146BE2B7ABF8600CFE978 /* ContentView.swift */,
				FF3146E62B7AC51C00CFE978 /* TasksView.swift */,
				FF3146EC2B7C212C00CFE978 /* AddTaskView.swift */,
			);
			path = Views;
			sourceTree = "<group>";
		};
		FF3146E92B7AC8CC00CFE978 /* Components */ = {
			isa = PBXGroup;
			children = (
				FF3146EA2B7AC8F300CFE978 /* TaskRow.swift */,
				FF3146EE2B7C254B00CFE978 /* SmallAddButton.swift */,
			);
			path = Components;
			sourceTree = "<group>";
		};
/* End PBXGroup section */

/* Begin PBXNativeTarget section */
		FF3146B82B7ABF8600CFE978 /* ToDoDemo */ = {
			isa = PBXNativeTarget;
			buildConfigurationList = FF3146DD2B7ABF8700CFE978 /* Build configuration list for PBXNativeTarget "ToDoDemo" */;
			buildPhases = (
				FF3146B52B7ABF8600CFE978 /* Sources */,
				FF3146B62B7ABF8600CFE978 /* Frameworks */,
				FF3146B72B7ABF8600CFE978 /* Resources */,
			);
			buildRules = (
			);
			dependencies = (
			);
			name = ToDoDemo;
			packageProductDependencies = (
				FF3146F92B7D87ED00CFE978 /* Realm */,
				FF3146FB2B7D87ED00CFE978 /* RealmSwift */,
			);
			productName = ToDoDemo;
			productReference = FF3146B92B7ABF8600CFE978 /* ToDoDemo.app */;
			productType = "com.apple.product-type.application";
		};
		FF3146C82B7ABF8700CFE978 /* ToDoDemoTests */ = {
			isa = PBXNativeTarget;
			buildConfigurationList = FF3146E02B7ABF8700CFE978 /* Build configuration list for PBXNativeTarget "ToDoDemoTests" */;
			buildPhases = (
				FF3146C52B7ABF8700CFE978 /* Sources */,
				FF3146C62B7ABF8700CFE978 /* Frameworks */,
				FF3146C72B7ABF8700CFE978 /* Resources */,
			);
			buildRules = (
			);
			dependencies = (
				FF3146CB2B7ABF8700CFE978 /* PBXTargetDependency */,
			);
			name = ToDoDemoTests;
			productName = ToDoDemoTests;
			productReference = FF3146C92B7ABF8700CFE978 /* ToDoDemoTests.xctest */;
			productType = "com.apple.product-type.bundle.unit-test";
		};
		FF3146D22B7ABF8700CFE978 /* ToDoDemoUITests */ = {
			isa = PBXNativeTarget;
			buildConfigurationList = FF3146E32B7ABF8700CFE978 /* Build configuration list for PBXNativeTarget "ToDoDemoUITests" */;
			buildPhases = (
				FF3146CF2B7ABF8700CFE978 /* Sources */,
				FF3146D02B7ABF8700CFE978 /* Frameworks */,
				FF3146D12B7ABF8700CFE978 /* Resources */,
			);
			buildRules = (
			);
			dependencies = (
				FF3146D52B7ABF8700CFE978 /* PBXTargetDependency */,
			);
			name = ToDoDemoUITests;
			productName = ToDoDemoUITests;
			productReference = FF3146D32B7ABF8700CFE978 /* ToDoDemoUITests.xctest */;
			productType = "com.apple.product-type.bundle.ui-testing";
		};
/* End PBXNativeTarget section */

/* Begin PBXProject section */
		FF3146B12B7ABF8600CFE978 /* Project object */ = {
			isa = PBXProject;
			attributes = {
				BuildIndependentTargetsInParallel = 1;
				LastSwiftUpdateCheck = 1520;
				LastUpgradeCheck = 1520;
				TargetAttributes = {
					FF3146B82B7ABF8600CFE978 = {
						CreatedOnToolsVersion = 15.2;
					};
					FF3146C82B7ABF8700CFE978 = {
						CreatedOnToolsVersion = 15.2;
						TestTargetID = FF3146B82B7ABF8600CFE978;
					};
					FF3146D22B7ABF8700CFE978 = {
						CreatedOnToolsVersion = 15.2;
						TestTargetID = FF3146B82B7ABF8600CFE978;
					};
				};
			};
			buildConfigurationList = FF3146B42B7ABF8600CFE978 /* Build configuration list for PBXProject "ToDoDemo" */;
			compatibilityVersion = "Xcode 14.0";
			developmentRegion = en;
			hasScannedForEncodings = 0;
			knownRegions = (
				en,
				Base,
			);
			mainGroup = FF3146B02B7ABF8600CFE978;
			packageReferences = (
				FF3146F82B7D87ED00CFE978 /* XCRemoteSwiftPackageReference "realm-swift" */,
			);
			productRefGroup = FF3146BA2B7ABF8600CFE978 /* Products */;
			projectDirPath = "";
			projectRoot = "";
			targets = (
				FF3146B82B7ABF8600CFE978 /* ToDoDemo */,
				FF3146C82B7ABF8700CFE978 /* ToDoDemoTests */,
				FF3146D22B7ABF8700CFE978 /* ToDoDemoUITests */,
			);
		};
/* End PBXProject section */

/* Begin PBXResourcesBuildPhase section */
		FF3146B72B7ABF8600CFE978 /* Resources */ = {
			isa = PBXResourcesBuildPhase;
			buildActionMask = 2147483647;
			files = (
				FF3146C42B7ABF8700CFE978 /* Preview Assets.xcassets in Resources */,
				FF3146C12B7ABF8700CFE978 /* Assets.xcassets in Resources */,
			);
			runOnlyForDeploymentPostprocessing = 0;
		};
		FF3146C72B7ABF8700CFE978 /* Resources */ = {
			isa = PBXResourcesBuildPhase;
			buildActionMask = 2147483647;
			files = (
			);
			runOnlyForDeploymentPostprocessing = 0;
		};
		FF3146D12B7ABF8700CFE978 /* Resources */ = {
			isa = PBXResourcesBuildPhase;
			buildActionMask = 2147483647;
			files = (
			);
			runOnlyForDeploymentPostprocessing = 0;
		};
/* End PBXResourcesBuildPhase section */

/* Begin PBXSourcesBuildPhase section */
		FF3146B52B7ABF8600CFE978 /* Sources */ = {
			isa = PBXSourcesBuildPhase;
			buildActionMask = 2147483647;
			files = (
				FF3146FE2B7D8AEC00CFE978 /* Task.swift in Sources */,
				FF3146BF2B7ABF8600CFE978 /* ContentView.swift in Sources */,
				FF3146ED2B7C212C00CFE978 /* AddTaskView.swift in Sources */,
				FF3146E72B7AC51C00CFE978 /* TasksView.swift in Sources */,
				FF3146EF2B7C254B00CFE978 /* SmallAddButton.swift in Sources */,
				FF3146BD2B7ABF8600CFE978 /* ToDoDemoApp.swift in Sources */,
				FF3146F42B7C347A00CFE978 /* RealmManager.swift in Sources */,
				FF3146EB2B7AC8F300CFE978 /* TaskRow.swift in Sources */,
			);
			runOnlyForDeploymentPostprocessing = 0;
		};
		FF3146C52B7ABF8700CFE978 /* Sources */ = {
			isa = PBXSourcesBuildPhase;
			buildActionMask = 2147483647;
			files = (
				FF3146CE2B7ABF8700CFE978 /* ToDoDemoTests.swift in Sources */,
			);
			runOnlyForDeploymentPostprocessing = 0;
		};
		FF3146CF2B7ABF8700CFE978 /* Sources */ = {
			isa = PBXSourcesBuildPhase;
			buildActionMask = 2147483647;
			files = (
				FF3146DA2B7ABF8700CFE978 /* ToDoDemoUITestsLaunchTests.swift in Sources */,
				FF3146D82B7ABF8700CFE978 /* ToDoDemoUITests.swift in Sources */,
			);
			runOnlyForDeploymentPostprocessing = 0;
		};
/* End PBXSourcesBuildPhase section */

/* Begin PBXTargetDependency section */
		FF3146CB2B7ABF8700CFE978 /* PBXTargetDependency */ = {
			isa = PBXTargetDependency;
			target = FF3146B82B7ABF8600CFE978 /* ToDoDemo */;
			targetProxy = FF3146CA2B7ABF8700CFE978 /* PBXContainerItemProxy */;
		};
		FF3146D52B7ABF8700CFE978 /* PBXTargetDependency */ = {
			isa = PBXTargetDependency;
			target = FF3146B82B7ABF8600CFE978 /* ToDoDemo */;
			targetProxy = FF3146D42B7ABF8700CFE978 /* PBXContainerItemProxy */;
		};
/* End PBXTargetDependency section */

/* Begin XCBuildConfiguration section */
		FF3146DB2B7ABF8700CFE978 /* Debug */ = {
			isa = XCBuildConfiguration;
			buildSettings = {
				ALWAYS_SEARCH_USER_PATHS = NO;
				ASSETCATALOG_COMPILER_GENERATE_SWIFT_ASSET_SYMBOL_EXTENSIONS = YES;
				CLANG_ANALYZER_NONNULL = YES;
				CLANG_ANALYZER_NUMBER_OBJECT_CONVERSION = YES_AGGRESSIVE;
				CLANG_CXX_LANGUAGE_STANDARD = "gnu++20";
				CLANG_ENABLE_MODULES = YES;
				CLANG_ENABLE_OBJC_ARC = YES;
				CLANG_ENABLE_OBJC_WEAK = YES;
				CLANG_WARN_BLOCK_CAPTURE_AUTORELEASING = YES;
				CLANG_WARN_BOOL_CONVERSION = YES;
				CLANG_WARN_COMMA = YES;
				CLANG_WARN_CONSTANT_CONVERSION = YES;
				CLANG_WARN_DEPRECATED_OBJC_IMPLEMENTATIONS = YES;
				CLANG_WARN_DIRECT_OBJC_ISA_USAGE = YES_ERROR;
				CLANG_WARN_DOCUMENTATION_COMMENTS = YES;
				CLANG_WARN_EMPTY_BODY = YES;
				CLANG_WARN_ENUM_CONVERSION = YES;
				CLANG_WARN_INFINITE_RECURSION = YES;
				CLANG_WARN_INT_CONVERSION = YES;
				CLANG_WARN_NON_LITERAL_NULL_CONVERSION = YES;
				CLANG_WARN_OBJC_IMPLICIT_RETAIN_SELF = YES;
				CLANG_WARN_OBJC_LITERAL_CONVERSION = YES;
				CLANG_WARN_OBJC_ROOT_CLASS = YES_ERROR;
				CLANG_WARN_QUOTED_INCLUDE_IN_FRAMEWORK_HEADER = YES;
				CLANG_WARN_RANGE_LOOP_ANALYSIS = YES;
				CLANG_WARN_STRICT_PROTOTYPES = YES;
				CLANG_WARN_SUSPICIOUS_MOVE = YES;
				CLANG_WARN_UNGUARDED_AVAILABILITY = YES_AGGRESSIVE;
				CLANG_WARN_UNREACHABLE_CODE = YES;
				CLANG_WARN__DUPLICATE_METHOD_MATCH = YES;
				COPY_PHASE_STRIP = NO;
				DEBUG_INFORMATION_FORMAT = dwarf;
				ENABLE_STRICT_OBJC_MSGSEND = YES;
				ENABLE_TESTABILITY = YES;
				ENABLE_USER_SCRIPT_SANDBOXING = YES;
				GCC_C_LANGUAGE_STANDARD = gnu17;
				GCC_DYNAMIC_NO_PIC = NO;
				GCC_NO_COMMON_BLOCKS = YES;
				GCC_OPTIMIZATION_LEVEL = 0;
				GCC_PREPROCESSOR_DEFINITIONS = (
					"DEBUG=1",
					"$(inherited)",
				);
				GCC_WARN_64_TO_32_BIT_CONVERSION = YES;
				GCC_WARN_ABOUT_RETURN_TYPE = YES_ERROR;
				GCC_WARN_UNDECLARED_SELECTOR = YES;
				GCC_WARN_UNINITIALIZED_AUTOS = YES_AGGRESSIVE;
				GCC_WARN_UNUSED_FUNCTION = YES;
				GCC_WARN_UNUSED_VARIABLE = YES;
				IPHONEOS_DEPLOYMENT_TARGET = 17.2;
				LOCALIZATION_PREFERS_STRING_CATALOGS = YES;
				MTL_ENABLE_DEBUG_INFO = INCLUDE_SOURCE;
				MTL_FAST_MATH = YES;
				ONLY_ACTIVE_ARCH = YES;
				SDKROOT = iphoneos;
				SWIFT_ACTIVE_COMPILATION_CONDITIONS = "DEBUG $(inherited)";
				SWIFT_OPTIMIZATION_LEVEL = "-Onone";
			};
			name = Debug;
		};
		FF3146DC2B7ABF8700CFE978 /* Release */ = {
			isa = XCBuildConfiguration;
			buildSettings = {
				ALWAYS_SEARCH_USER_PATHS = NO;
				ASSETCATALOG_COMPILER_GENERATE_SWIFT_ASSET_SYMBOL_EXTENSIONS = YES;
				CLANG_ANALYZER_NONNULL = YES;
				CLANG_ANALYZER_NUMBER_OBJECT_CONVERSION = YES_AGGRESSIVE;
				CLANG_CXX_LANGUAGE_STANDARD = "gnu++20";
				CLANG_ENABLE_MODULES = YES;
				CLANG_ENABLE_OBJC_ARC = YES;
				CLANG_ENABLE_OBJC_WEAK = YES;
				CLANG_WARN_BLOCK_CAPTURE_AUTORELEASING = YES;
				CLANG_WARN_BOOL_CONVERSION = YES;
				CLANG_WARN_COMMA = YES;
				CLANG_WARN_CONSTANT_CONVERSION = YES;
				CLANG_WARN_DEPRECATED_OBJC_IMPLEMENTATIONS = YES;
				CLANG_WARN_DIRECT_OBJC_ISA_USAGE = YES_ERROR;
				CLANG_WARN_DOCUMENTATION_COMMENTS = YES;
				CLANG_WARN_EMPTY_BODY = YES;
				CLANG_WARN_ENUM_CONVERSION = YES;
				CLANG_WARN_INFINITE_RECURSION = YES;
				CLANG_WARN_INT_CONVERSION = YES;
				CLANG_WARN_NON_LITERAL_NULL_CONVERSION = YES;
				CLANG_WARN_OBJC_IMPLICIT_RETAIN_SELF = YES;
				CLANG_WARN_OBJC_LITERAL_CONVERSION = YES;
				CLANG_WARN_OBJC_ROOT_CLASS = YES_ERROR;
				CLANG_WARN_QUOTED_INCLUDE_IN_FRAMEWORK_HEADER = YES;
				CLANG_WARN_RANGE_LOOP_ANALYSIS = YES;
				CLANG_WARN_STRICT_PROTOTYPES = YES;
				CLANG_WARN_SUSPICIOUS_MOVE = YES;
				CLANG_WARN_UNGUARDED_AVAILABILITY = YES_AGGRESSIVE;
				CLANG_WARN_UNREACHABLE_CODE = YES;
				CLANG_WARN__DUPLICATE_METHOD_MATCH = YES;
				COPY_PHASE_STRIP = NO;
				DEBUG_INFORMATION_FORMAT = "dwarf-with-dsym";
				ENABLE_NS_ASSERTIONS = NO;
				ENABLE_STRICT_OBJC_MSGSEND = YES;
				ENABLE_USER_SCRIPT_SANDBOXING = YES;
				GCC_C_LANGUAGE_STANDARD = gnu17;
				GCC_NO_COMMON_BLOCKS = YES;
				GCC_WARN_64_TO_32_BIT_CONVERSION = YES;
				GCC_WARN_ABOUT_RETURN_TYPE = YES_ERROR;
				GCC_WARN_UNDECLARED_SELECTOR = YES;
				GCC_WARN_UNINITIALIZED_AUTOS = YES_AGGRESSIVE;
				GCC_WARN_UNUSED_FUNCTION = YES;
				GCC_WARN_UNUSED_VARIABLE = YES;
				IPHONEOS_DEPLOYMENT_TARGET = 17.2;
				LOCALIZATION_PREFERS_STRING_CATALOGS = YES;
				MTL_ENABLE_DEBUG_INFO = NO;
				MTL_FAST_MATH = YES;
				SDKROOT = iphoneos;
				SWIFT_COMPILATION_MODE = wholemodule;
				VALIDATE_PRODUCT = YES;
			};
			name = Release;
		};
		FF3146DE2B7ABF8700CFE978 /* Debug */ = {
			isa = XCBuildConfiguration;
			buildSettings = {
				ASSETCATALOG_COMPILER_APPICON_NAME = AppIcon;
				ASSETCATALOG_COMPILER_GLOBAL_ACCENT_COLOR_NAME = AccentColor;
				CODE_SIGN_STYLE = Automatic;
				CURRENT_PROJECT_VERSION = 1;
				DEVELOPMENT_ASSET_PATHS = "\"ToDoDemo/Preview Content\"";
				DEVELOPMENT_TEAM = A62WLGN89N;
				ENABLE_PREVIEWS = YES;
				GENERATE_INFOPLIST_FILE = YES;
				INFOPLIST_KEY_UIApplicationSceneManifest_Generation = YES;
				INFOPLIST_KEY_UIApplicationSupportsIndirectInputEvents = YES;
				INFOPLIST_KEY_UILaunchScreen_Generation = YES;
				INFOPLIST_KEY_UISupportedInterfaceOrientations_iPad = "UIInterfaceOrientationPortrait UIInterfaceOrientationPortraitUpsideDown UIInterfaceOrientationLandscapeLeft UIInterfaceOrientationLandscapeRight";
				INFOPLIST_KEY_UISupportedInterfaceOrientations_iPhone = "UIInterfaceOrientationPortrait UIInterfaceOrientationLandscapeLeft UIInterfaceOrientationLandscapeRight";
				LD_RUNPATH_SEARCH_PATHS = (
					"$(inherited)",
					"@executable_path/Frameworks",
				);
				MARKETING_VERSION = 1.0;
				PRODUCT_BUNDLE_IDENTIFIER = codechef.kasi.ToDoDemo;
				PRODUCT_NAME = "$(TARGET_NAME)";
				SWIFT_EMIT_LOC_STRINGS = YES;
				SWIFT_VERSION = 5.0;
				TARGETED_DEVICE_FAMILY = "1,2";
			};
			name = Debug;
		};
		FF3146DF2B7ABF8700CFE978 /* Release */ = {
			isa = XCBuildConfiguration;
			buildSettings = {
				ASSETCATALOG_COMPILER_APPICON_NAME = AppIcon;
				ASSETCATALOG_COMPILER_GLOBAL_ACCENT_COLOR_NAME = AccentColor;
				CODE_SIGN_STYLE = Automatic;
				CURRENT_PROJECT_VERSION = 1;
				DEVELOPMENT_ASSET_PATHS = "\"ToDoDemo/Preview Content\"";
				DEVELOPMENT_TEAM = A62WLGN89N;
				ENABLE_PREVIEWS = YES;
				GENERATE_INFOPLIST_FILE = YES;
				INFOPLIST_KEY_UIApplicationSceneManifest_Generation = YES;
				INFOPLIST_KEY_UIApplicationSupportsIndirectInputEvents = YES;
				INFOPLIST_KEY_UILaunchScreen_Generation = YES;
				INFOPLIST_KEY_UISupportedInterfaceOrientations_iPad = "UIInterfaceOrientationPortrait UIInterfaceOrientationPortraitUpsideDown UIInterfaceOrientationLandscapeLeft UIInterfaceOrientationLandscapeRight";
				INFOPLIST_KEY_UISupportedInterfaceOrientations_iPhone = "UIInterfaceOrientationPortrait UIInterfaceOrientationLandscapeLeft UIInterfaceOrientationLandscapeRight";
				LD_RUNPATH_SEARCH_PATHS = (
					"$(inherited)",
					"@executable_path/Frameworks",
				);
				MARKETING_VERSION = 1.0;
				PRODUCT_BUNDLE_IDENTIFIER = codechef.kasi.ToDoDemo;
				PRODUCT_NAME = "$(TARGET_NAME)";
				SWIFT_EMIT_LOC_STRINGS = YES;
				SWIFT_VERSION = 5.0;
				TARGETED_DEVICE_FAMILY = "1,2";
			};
			name = Release;
		};
		FF3146E12B7ABF8700CFE978 /* Debug */ = {
			isa = XCBuildConfiguration;
			buildSettings = {
				ALWAYS_EMBED_SWIFT_STANDARD_LIBRARIES = YES;
				BUNDLE_LOADER = "$(TEST_HOST)";
				CODE_SIGN_STYLE = Automatic;
				CURRENT_PROJECT_VERSION = 1;
				GENERATE_INFOPLIST_FILE = YES;
				IPHONEOS_DEPLOYMENT_TARGET = 17.2;
				MARKETING_VERSION = 1.0;
				PRODUCT_BUNDLE_IDENTIFIER = codechef.kasi.ToDoDemoTests;
				PRODUCT_NAME = "$(TARGET_NAME)";
				SWIFT_EMIT_LOC_STRINGS = NO;
				SWIFT_VERSION = 5.0;
				TARGETED_DEVICE_FAMILY = "1,2";
				TEST_HOST = "$(BUILT_PRODUCTS_DIR)/ToDoDemo.app/$(BUNDLE_EXECUTABLE_FOLDER_PATH)/ToDoDemo";
			};
			name = Debug;
		};
		FF3146E22B7ABF8700CFE978 /* Release */ = {
			isa = XCBuildConfiguration;
			buildSettings = {
				ALWAYS_EMBED_SWIFT_STANDARD_LIBRARIES = YES;
				BUNDLE_LOADER = "$(TEST_HOST)";
				CODE_SIGN_STYLE = Automatic;
				CURRENT_PROJECT_VERSION = 1;
				GENERATE_INFOPLIST_FILE = YES;
				IPHONEOS_DEPLOYMENT_TARGET = 17.2;
				MARKETING_VERSION = 1.0;
				PRODUCT_BUNDLE_IDENTIFIER = codechef.kasi.ToDoDemoTests;
				PRODUCT_NAME = "$(TARGET_NAME)";
				SWIFT_EMIT_LOC_STRINGS = NO;
				SWIFT_VERSION = 5.0;
				TARGETED_DEVICE_FAMILY = "1,2";
				TEST_HOST = "$(BUILT_PRODUCTS_DIR)/ToDoDemo.app/$(BUNDLE_EXECUTABLE_FOLDER_PATH)/ToDoDemo";
			};
			name = Release;
		};
		FF3146E42B7ABF8700CFE978 /* Debug */ = {
			isa = XCBuildConfiguration;
			buildSettings = {
				ALWAYS_EMBED_SWIFT_STANDARD_LIBRARIES = YES;
				CODE_SIGN_STYLE = Automatic;
				CURRENT_PROJECT_VERSION = 1;
				GENERATE_INFOPLIST_FILE = YES;
				MARKETING_VERSION = 1.0;
				PRODUCT_BUNDLE_IDENTIFIER = codechef.kasi.ToDoDemoUITests;
				PRODUCT_NAME = "$(TARGET_NAME)";
				SWIFT_EMIT_LOC_STRINGS = NO;
				SWIFT_VERSION = 5.0;
				TARGETED_DEVICE_FAMILY = "1,2";
				TEST_TARGET_NAME = ToDoDemo;
			};
			name = Debug;
		};
		FF3146E52B7ABF8700CFE978 /* Release */ = {
			isa = XCBuildConfiguration;
			buildSettings = {
				ALWAYS_EMBED_SWIFT_STANDARD_LIBRARIES = YES;
				CODE_SIGN_STYLE = Automatic;
				CURRENT_PROJECT_VERSION = 1;
				GENERATE_INFOPLIST_FILE = YES;
				MARKETING_VERSION = 1.0;
				PRODUCT_BUNDLE_IDENTIFIER = codechef.kasi.ToDoDemoUITests;
				PRODUCT_NAME = "$(TARGET_NAME)";
				SWIFT_EMIT_LOC_STRINGS = NO;
				SWIFT_VERSION = 5.0;
				TARGETED_DEVICE_FAMILY = "1,2";
				TEST_TARGET_NAME = ToDoDemo;
			};
			name = Release;
		};
/* End XCBuildConfiguration section */

/* Begin XCConfigurationList section */
		FF3146B42B7ABF8600CFE978 /* Build configuration list for PBXProject "ToDoDemo" */ = {
			isa = XCConfigurationList;
			buildConfigurations = (
				FF3146DB2B7ABF8700CFE978 /* Debug */,
				FF3146DC2B7ABF8700CFE978 /* Release */,
			);
			defaultConfigurationIsVisible = 0;
			defaultConfigurationName = Release;
		};
		FF3146DD2B7ABF8700CFE978 /* Build configuration list for PBXNativeTarget "ToDoDemo" */ = {
			isa = XCConfigurationList;
			buildConfigurations = (
				FF3146DE2B7ABF8700CFE978 /* Debug */,
				FF3146DF2B7ABF8700CFE978 /* Release */,
			);
			defaultConfigurationIsVisible = 0;
			defaultConfigurationName = Release;
		};
		FF3146E02B7ABF8700CFE978 /* Build configuration list for PBXNativeTarget "ToDoDemoTests" */ = {
			isa = XCConfigurationList;
			buildConfigurations = (
				FF3146E12B7ABF8700CFE978 /* Debug */,
				FF3146E22B7ABF8700CFE978 /* Release */,
			);
			defaultConfigurationIsVisible = 0;
			defaultConfigurationName = Release;
		};
		FF3146E32B7ABF8700CFE978 /* Build configuration list for PBXNativeTarget "ToDoDemoUITests" */ = {
			isa = XCConfigurationList;
			buildConfigurations = (
				FF3146E42B7ABF8700CFE978 /* Debug */,
				FF3146E52B7ABF8700CFE978 /* Release */,
			);
			defaultConfigurationIsVisible = 0;
			defaultConfigurationName = Release;
		};
/* End XCConfigurationList section */

/* Begin XCRemoteSwiftPackageReference section */
		FF3146F82B7D87ED00CFE978 /* XCRemoteSwiftPackageReference "realm-swift" */ = {
			isa = XCRemoteSwiftPackageReference;
			repositoryURL = "https://github.com/realm/realm-swift.git";
			requirement = {
				kind = upToNextMajorVersion;
				minimumVersion = 10.47.0;
			};
		};
/* End XCRemoteSwiftPackageReference section */

/* Begin XCSwiftPackageProductDependency section */
		FF3146F92B7D87ED00CFE978 /* Realm */ = {
			isa = XCSwiftPackageProductDependency;
			package = FF3146F82B7D87ED00CFE978 /* XCRemoteSwiftPackageReference "realm-swift" */;
			productName = Realm;
		};
		FF3146FB2B7D87ED00CFE978 /* RealmSwift */ = {
			isa = XCSwiftPackageProductDependency;
			package = FF3146F82B7D87ED00CFE978 /* XCRemoteSwiftPackageReference "realm-swift" */;
			productName = RealmSwift;
		};
/* End XCSwiftPackageProductDependency section */
	};
	rootObject = FF3146B12B7ABF8600CFE978 /* Project object */;
}
